
Microsoft Visual Studio Solution File, Format Version 12.00
# Visual Studio 15
VisualStudioVersion = 15.0.26430.6
MinimumVisualStudioVersion = 10.0.40219.1
Project("{9A19103F-16F7-4668-BE54-9A1E7A4F7556}") = "ReadModel", "src\ReadModel\ReadModel.csproj", "{1869FBA0-0514-4364-A979-5BC451427B8B}"
EndProject
Project("{2150E333-8FDC-42A3-9474-1A3956D46DE8}") = "src", "src", "{496CE284-0888-4573-91C5-538D2B3ACA31}"
EndProject
Project("{FAE04EC0-301F-11D3-BF4B-00C04F79EFBC}") = "Frontend", "src\Frontend\Frontend.csproj", "{AFE7D37B-90D1-4F13-9D58-25013DDC16A4}"
EndProject
Project("{E53339B2-1760-4266-BCC7-CA923CBCF16C}") = "docker-compose", "docker-compose.dcproj", "{CBF3169C-724F-4438-BCD3-3270CA501799}"
EndProject
Project("{FAE04EC0-301F-11D3-BF4B-00C04F79EFBC}") = "WebApi", "src\WebApi\WebApi.csproj", "{7A926865-A2A9-4036-B79F-3292B8F24677}"
EndProject
Project("{FAE04EC0-301F-11D3-BF4B-00C04F79EFBC}") = "ParalectEventSourcing", "src\ParalectEventSourcing\ParalectEventSourcing.csproj", "{6360C387-175E-4E7C-BCF9-5D56937A87F6}"
EndProject
Project("{FAE04EC0-301F-11D3-BF4B-00C04F79EFBC}") = "Contracts", "src\Contracts\Contracts.csproj", "{B07A4540-C692-471E-BBC4-EF3687C0070D}"
EndProject
Project("{FAE04EC0-301F-11D3-BF4B-00C04F79EFBC}") = "DataService", "src\DataService\DataService.csproj", "{CB767FDF-2BCF-491D-BCD2-28D8AE3795AA}"
EndProject
Project("{FAE04EC0-301F-11D3-BF4B-00C04F79EFBC}") = "WriteModel", "src\WriteModel\WriteModel.csproj", "{C976D85A-2DF0-4F41-B94D-D6847E948E05}"
EndProject
Global
	GlobalSection(SolutionConfigurationPlatforms) = preSolution
		Debug|Any CPU = Debug|Any CPU
		Release|Any CPU = Release|Any CPU
	EndGlobalSection
	GlobalSection(ProjectConfigurationPlatforms) = postSolution
		{1869FBA0-0514-4364-A979-5BC451427B8B}.Debug|Any CPU.ActiveCfg = Debug|Any CPU
		{1869FBA0-0514-4364-A979-5BC451427B8B}.Debug|Any CPU.Build.0 = Debug|Any CPU
		{1869FBA0-0514-4364-A979-5BC451427B8B}.Release|Any CPU.ActiveCfg = Release|Any CPU
		{1869FBA0-0514-4364-A979-5BC451427B8B}.Release|Any CPU.Build.0 = Release|Any CPU
		{AFE7D37B-90D1-4F13-9D58-25013DDC16A4}.Debug|Any CPU.ActiveCfg = Debug|Any CPU
		{AFE7D37B-90D1-4F13-9D58-25013DDC16A4}.Debug|Any CPU.Build.0 = Debug|Any CPU
		{AFE7D37B-90D1-4F13-9D58-25013DDC16A4}.Release|Any CPU.ActiveCfg = Release|Any CPU
		{AFE7D37B-90D1-4F13-9D58-25013DDC16A4}.Release|Any CPU.Build.0 = Release|Any CPU
		{CBF3169C-724F-4438-BCD3-3270CA501799}.Debug|Any CPU.ActiveCfg = Debug|Any CPU
		{CBF3169C-724F-4438-BCD3-3270CA501799}.Debug|Any CPU.Build.0 = Debug|Any CPU
		{CBF3169C-724F-4438-BCD3-3270CA501799}.Release|Any CPU.ActiveCfg = Release|Any CPU
		{CBF3169C-724F-4438-BCD3-3270CA501799}.Release|Any CPU.Build.0 = Release|Any CPU
		{7A926865-A2A9-4036-B79F-3292B8F24677}.Debug|Any CPU.ActiveCfg = Debug|Any CPU
		{7A926865-A2A9-4036-B79F-3292B8F24677}.Debug|Any CPU.Build.0 = Debug|Any CPU
		{7A926865-A2A9-4036-B79F-3292B8F24677}.Release|Any CPU.ActiveCfg = Release|Any CPU
		{7A926865-A2A9-4036-B79F-3292B8F24677}.Release|Any CPU.Build.0 = Release|Any CPU
		{6360C387-175E-4E7C-BCF9-5D56937A87F6}.Debug|Any CPU.ActiveCfg = Debug|Any CPU
		{6360C387-175E-4E7C-BCF9-5D56937A87F6}.Debug|Any CPU.Build.0 = Debug|Any CPU
		{6360C387-175E-4E7C-BCF9-5D56937A87F6}.Release|Any CPU.ActiveCfg = Release|Any CPU
		{6360C387-175E-4E7C-BCF9-5D56937A87F6}.Release|Any CPU.Build.0 = Release|Any CPU
		{B07A4540-C692-471E-BBC4-EF3687C0070D}.Debug|Any CPU.ActiveCfg = Debug|Any CPU
		{B07A4540-C692-471E-BBC4-EF3687C0070D}.Debug|Any CPU.Build.0 = Debug|Any CPU
		{B07A4540-C692-471E-BBC4-EF3687C0070D}.Release|Any CPU.ActiveCfg = Release|Any CPU
		{B07A4540-C692-471E-BBC4-EF3687C0070D}.Release|Any CPU.Build.0 = Release|Any CPU
		{CB767FDF-2BCF-491D-BCD2-28D8AE3795AA}.Debug|Any CPU.ActiveCfg = Debug|Any CPU
		{CB767FDF-2BCF-491D-BCD2-28D8AE3795AA}.Debug|Any CPU.Build.0 = Debug|Any CPU
		{CB767FDF-2BCF-491D-BCD2-28D8AE3795AA}.Release|Any CPU.ActiveCfg = Release|Any CPU
		{CB767FDF-2BCF-491D-BCD2-28D8AE3795AA}.Release|Any CPU.Build.0 = Release|Any CPU
		{C976D85A-2DF0-4F41-B94D-D6847E948E05}.Debug|Any CPU.ActiveCfg = Debug|Any CPU
		{C976D85A-2DF0-4F41-B94D-D6847E948E05}.Debug|Any CPU.Build.0 = Debug|Any CPU
		{C976D85A-2DF0-4F41-B94D-D6847E948E05}.Release|Any CPU.ActiveCfg = Release|Any CPU
		{C976D85A-2DF0-4F41-B94D-D6847E948E05}.Release|Any CPU.Build.0 = Release|Any CPU
	EndGlobalSection
	GlobalSection(SolutionProperties) = preSolution
		HideSolutionNode = FALSE
	EndGlobalSection
	GlobalSection(NestedProjects) = preSolution
		{1869FBA0-0514-4364-A979-5BC451427B8B} = {496CE284-0888-4573-91C5-538D2B3ACA31}
		{AFE7D37B-90D1-4F13-9D58-25013DDC16A4} = {496CE284-0888-4573-91C5-538D2B3ACA31}
		{7A926865-A2A9-4036-B79F-3292B8F24677} = {496CE284-0888-4573-91C5-538D2B3ACA31}
		{6360C387-175E-4E7C-BCF9-5D56937A87F6} = {496CE284-0888-4573-91C5-538D2B3ACA31}
		{B07A4540-C692-471E-BBC4-EF3687C0070D} = {496CE284-0888-4573-91C5-538D2B3ACA31}
		{CB767FDF-2BCF-491D-BCD2-28D8AE3795AA} = {496CE284-0888-4573-91C5-538D2B3ACA31}
		{C976D85A-2DF0-4F41-B94D-D6847E948E05} = {496CE284-0888-4573-91C5-538D2B3ACA31}
	EndGlobalSection
EndGlobal
