
Microsoft Visual Studio Solution File, Format Version 12.00
# Visual Studio 15
VisualStudioVersion = 15.0.26430.6
MinimumVisualStudioVersion = 10.0.40219.1
Project("{9A19103F-16F7-4668-BE54-9A1E7A4F7556}") = "Contracts", "src\Contracts\Contracts.csproj", "{B77309EC-8561-43F4-A6F1-95596BD361E3}"
EndProject
Project("{9A19103F-16F7-4668-BE54-9A1E7A4F7556}") = "DataService", "src\DataService\DataService.csproj", "{D58C683F-3D17-4D38-AD78-427381EACEFE}"
EndProject
Project("{9A19103F-16F7-4668-BE54-9A1E7A4F7556}") = "ParalectEventSourcing", "src\ParalectEventSourcing\ParalectEventSourcing.csproj", "{64861E5F-BBDB-4A9E-8F8C-9AB972C96EED}"
EndProject
Project("{9A19103F-16F7-4668-BE54-9A1E7A4F7556}") = "ReadModel", "src\ReadModel\ReadModel.csproj", "{1869FBA0-0514-4364-A979-5BC451427B8B}"
EndProject
Project("{9A19103F-16F7-4668-BE54-9A1E7A4F7556}") = "WebApi", "src\WebApi\WebApi.csproj", "{A9D461FC-B1B2-4472-8D99-538A7F82CF8D}"
EndProject
Project("{9A19103F-16F7-4668-BE54-9A1E7A4F7556}") = "WriteModel", "src\WriteModel\WriteModel.csproj", "{57860443-4068-4101-9614-DEF2C41E7E5D}"
EndProject
Project("{2150E333-8FDC-42A3-9474-1A3956D46DE8}") = "src", "src", "{496CE284-0888-4573-91C5-538D2B3ACA31}"
EndProject
Project("{FAE04EC0-301F-11D3-BF4B-00C04F79EFBC}") = "Frontend", "src\Frontend\Frontend.csproj", "{AFE7D37B-90D1-4F13-9D58-25013DDC16A4}"
EndProject
Project("{E53339B2-1760-4266-BCC7-CA923CBCF16C}") = "docker-compose", "docker-compose.dcproj", "{CBF3169C-724F-4438-BCD3-3270CA501799}"
EndProject
Global
	GlobalSection(SolutionConfigurationPlatforms) = preSolution
		Debug|Any CPU = Debug|Any CPU
		Release|Any CPU = Release|Any CPU
	EndGlobalSection
	GlobalSection(ProjectConfigurationPlatforms) = postSolution
		{B77309EC-8561-43F4-A6F1-95596BD361E3}.Debug|Any CPU.ActiveCfg = Debug|Any CPU
		{B77309EC-8561-43F4-A6F1-95596BD361E3}.Debug|Any CPU.Build.0 = Debug|Any CPU
		{B77309EC-8561-43F4-A6F1-95596BD361E3}.Release|Any CPU.ActiveCfg = Release|Any CPU
		{B77309EC-8561-43F4-A6F1-95596BD361E3}.Release|Any CPU.Build.0 = Release|Any CPU
		{D58C683F-3D17-4D38-AD78-427381EACEFE}.Debug|Any CPU.ActiveCfg = Debug|Any CPU
		{D58C683F-3D17-4D38-AD78-427381EACEFE}.Debug|Any CPU.Build.0 = Debug|Any CPU
		{D58C683F-3D17-4D38-AD78-427381EACEFE}.Release|Any CPU.ActiveCfg = Release|Any CPU
		{D58C683F-3D17-4D38-AD78-427381EACEFE}.Release|Any CPU.Build.0 = Release|Any CPU
		{64861E5F-BBDB-4A9E-8F8C-9AB972C96EED}.Debug|Any CPU.ActiveCfg = Debug|Any CPU
		{64861E5F-BBDB-4A9E-8F8C-9AB972C96EED}.Debug|Any CPU.Build.0 = Debug|Any CPU
		{64861E5F-BBDB-4A9E-8F8C-9AB972C96EED}.Release|Any CPU.ActiveCfg = Release|Any CPU
		{64861E5F-BBDB-4A9E-8F8C-9AB972C96EED}.Release|Any CPU.Build.0 = Release|Any CPU
		{1869FBA0-0514-4364-A979-5BC451427B8B}.Debug|Any CPU.ActiveCfg = Debug|Any CPU
		{1869FBA0-0514-4364-A979-5BC451427B8B}.Debug|Any CPU.Build.0 = Debug|Any CPU
		{1869FBA0-0514-4364-A979-5BC451427B8B}.Release|Any CPU.ActiveCfg = Release|Any CPU
		{1869FBA0-0514-4364-A979-5BC451427B8B}.Release|Any CPU.Build.0 = Release|Any CPU
		{A9D461FC-B1B2-4472-8D99-538A7F82CF8D}.Debug|Any CPU.ActiveCfg = Debug|Any CPU
		{A9D461FC-B1B2-4472-8D99-538A7F82CF8D}.Debug|Any CPU.Build.0 = Debug|Any CPU
		{A9D461FC-B1B2-4472-8D99-538A7F82CF8D}.Release|Any CPU.ActiveCfg = Release|Any CPU
		{A9D461FC-B1B2-4472-8D99-538A7F82CF8D}.Release|Any CPU.Build.0 = Release|Any CPU
		{57860443-4068-4101-9614-DEF2C41E7E5D}.Debug|Any CPU.ActiveCfg = Debug|Any CPU
		{57860443-4068-4101-9614-DEF2C41E7E5D}.Debug|Any CPU.Build.0 = Debug|Any CPU
		{57860443-4068-4101-9614-DEF2C41E7E5D}.Release|Any CPU.ActiveCfg = Release|Any CPU
		{57860443-4068-4101-9614-DEF2C41E7E5D}.Release|Any CPU.Build.0 = Release|Any CPU
		{AFE7D37B-90D1-4F13-9D58-25013DDC16A4}.Debug|Any CPU.ActiveCfg = Debug|Any CPU
		{AFE7D37B-90D1-4F13-9D58-25013DDC16A4}.Debug|Any CPU.Build.0 = Debug|Any CPU
		{AFE7D37B-90D1-4F13-9D58-25013DDC16A4}.Release|Any CPU.ActiveCfg = Release|Any CPU
		{AFE7D37B-90D1-4F13-9D58-25013DDC16A4}.Release|Any CPU.Build.0 = Release|Any CPU
		{CBF3169C-724F-4438-BCD3-3270CA501799}.Debug|Any CPU.ActiveCfg = Debug|Any CPU
		{CBF3169C-724F-4438-BCD3-3270CA501799}.Debug|Any CPU.Build.0 = Debug|Any CPU
		{CBF3169C-724F-4438-BCD3-3270CA501799}.Release|Any CPU.ActiveCfg = Release|Any CPU
		{CBF3169C-724F-4438-BCD3-3270CA501799}.Release|Any CPU.Build.0 = Release|Any CPU
	EndGlobalSection
	GlobalSection(SolutionProperties) = preSolution
		HideSolutionNode = FALSE
	EndGlobalSection
	GlobalSection(NestedProjects) = preSolution
		{B77309EC-8561-43F4-A6F1-95596BD361E3} = {496CE284-0888-4573-91C5-538D2B3ACA31}
		{D58C683F-3D17-4D38-AD78-427381EACEFE} = {496CE284-0888-4573-91C5-538D2B3ACA31}
		{64861E5F-BBDB-4A9E-8F8C-9AB972C96EED} = {496CE284-0888-4573-91C5-538D2B3ACA31}
		{1869FBA0-0514-4364-A979-5BC451427B8B} = {496CE284-0888-4573-91C5-538D2B3ACA31}
		{A9D461FC-B1B2-4472-8D99-538A7F82CF8D} = {496CE284-0888-4573-91C5-538D2B3ACA31}
		{57860443-4068-4101-9614-DEF2C41E7E5D} = {496CE284-0888-4573-91C5-538D2B3ACA31}
		{AFE7D37B-90D1-4F13-9D58-25013DDC16A4} = {496CE284-0888-4573-91C5-538D2B3ACA31}
	EndGlobalSection
EndGlobal
