
Microsoft Visual Studio Solution File, Format Version 12.00
# Visual Studio 14
VisualStudioVersion = 14.0.25420.1
MinimumVisualStudioVersion = 10.0.40219.1
Project("{2150E333-8FDC-42A3-9474-1A3956D46DE8}") = "src", "src", "{A88C7DD1-8C59-4F55-A4D7-483AE9606533}"
EndProject
Project("{2150E333-8FDC-42A3-9474-1A3956D46DE8}") = "Solution Items", "Solution Items", "{34536C82-A7BE-4F4B-85BE-7B2DF13F62B4}"
	ProjectSection(SolutionItems) = preProject
		global.json = global.json
	EndProjectSection
EndProject
Project("{8BB2217D-0F2D-49D1-97BC-3654ED321F3B}") = "WriteModel", "src\WriteModel\WriteModel.xproj", "{68DDF0C3-7A9D-4769-A9CE-4DAB3EBA8C67}"
EndProject
Project("{8BB2217D-0F2D-49D1-97BC-3654ED321F3B}") = "WebApi", "src\WebApi\WebApi.xproj", "{0AB6CC6D-2776-4EDF-9429-39E9DFC42DDC}"
EndProject
Project("{8BB2217D-0F2D-49D1-97BC-3654ED321F3B}") = "Contracts", "src\Contracts\Contracts.xproj", "{4B073E1A-5DC2-465F-8A83-D547628D023B}"
EndProject
Project("{8BB2217D-0F2D-49D1-97BC-3654ED321F3B}") = "ParalectEventSourcing", "src\ParalectEventSourcing\ParalectEventSourcing.xproj", "{4586180D-4F4B-46B9-82E0-611646AC9299}"
EndProject
Project("{8BB2217D-0F2D-49D1-97BC-3654ED321F3B}") = "ReadModel", "src\ReadModel\ReadModel.xproj", "{EB75250F-239E-4D73-83D2-E3153C16814E}"
EndProject
Project("{8BB2217D-0F2D-49D1-97BC-3654ED321F3B}") = "Frontend", "src\Frontend\Frontend.xproj", "{F34EDB8E-6024-4869-8899-056B08F1F630}"
EndProject
Global
	GlobalSection(SolutionConfigurationPlatforms) = preSolution
		Debug|Any CPU = Debug|Any CPU
		Release|Any CPU = Release|Any CPU
	EndGlobalSection
	GlobalSection(ProjectConfigurationPlatforms) = postSolution
		{68DDF0C3-7A9D-4769-A9CE-4DAB3EBA8C67}.Debug|Any CPU.ActiveCfg = Debug|Any CPU
		{68DDF0C3-7A9D-4769-A9CE-4DAB3EBA8C67}.Debug|Any CPU.Build.0 = Debug|Any CPU
		{68DDF0C3-7A9D-4769-A9CE-4DAB3EBA8C67}.Release|Any CPU.ActiveCfg = Release|Any CPU
		{68DDF0C3-7A9D-4769-A9CE-4DAB3EBA8C67}.Release|Any CPU.Build.0 = Release|Any CPU
		{0AB6CC6D-2776-4EDF-9429-39E9DFC42DDC}.Debug|Any CPU.ActiveCfg = Debug|Any CPU
		{0AB6CC6D-2776-4EDF-9429-39E9DFC42DDC}.Debug|Any CPU.Build.0 = Debug|Any CPU
		{0AB6CC6D-2776-4EDF-9429-39E9DFC42DDC}.Release|Any CPU.ActiveCfg = Release|Any CPU
		{0AB6CC6D-2776-4EDF-9429-39E9DFC42DDC}.Release|Any CPU.Build.0 = Release|Any CPU
		{4B073E1A-5DC2-465F-8A83-D547628D023B}.Debug|Any CPU.ActiveCfg = Debug|Any CPU
		{4B073E1A-5DC2-465F-8A83-D547628D023B}.Debug|Any CPU.Build.0 = Debug|Any CPU
		{4B073E1A-5DC2-465F-8A83-D547628D023B}.Release|Any CPU.ActiveCfg = Release|Any CPU
		{4B073E1A-5DC2-465F-8A83-D547628D023B}.Release|Any CPU.Build.0 = Release|Any CPU
		{4586180D-4F4B-46B9-82E0-611646AC9299}.Debug|Any CPU.ActiveCfg = Debug|Any CPU
		{4586180D-4F4B-46B9-82E0-611646AC9299}.Debug|Any CPU.Build.0 = Debug|Any CPU
		{4586180D-4F4B-46B9-82E0-611646AC9299}.Release|Any CPU.ActiveCfg = Release|Any CPU
		{4586180D-4F4B-46B9-82E0-611646AC9299}.Release|Any CPU.Build.0 = Release|Any CPU
		{EB75250F-239E-4D73-83D2-E3153C16814E}.Debug|Any CPU.ActiveCfg = Debug|Any CPU
		{EB75250F-239E-4D73-83D2-E3153C16814E}.Debug|Any CPU.Build.0 = Debug|Any CPU
		{EB75250F-239E-4D73-83D2-E3153C16814E}.Release|Any CPU.ActiveCfg = Release|Any CPU
		{EB75250F-239E-4D73-83D2-E3153C16814E}.Release|Any CPU.Build.0 = Release|Any CPU
		{F34EDB8E-6024-4869-8899-056B08F1F630}.Debug|Any CPU.ActiveCfg = Debug|Any CPU
		{F34EDB8E-6024-4869-8899-056B08F1F630}.Debug|Any CPU.Build.0 = Debug|Any CPU
		{F34EDB8E-6024-4869-8899-056B08F1F630}.Release|Any CPU.ActiveCfg = Release|Any CPU
		{F34EDB8E-6024-4869-8899-056B08F1F630}.Release|Any CPU.Build.0 = Release|Any CPU
	EndGlobalSection
	GlobalSection(SolutionProperties) = preSolution
		HideSolutionNode = FALSE
	EndGlobalSection
	GlobalSection(NestedProjects) = preSolution
		{68DDF0C3-7A9D-4769-A9CE-4DAB3EBA8C67} = {A88C7DD1-8C59-4F55-A4D7-483AE9606533}
		{0AB6CC6D-2776-4EDF-9429-39E9DFC42DDC} = {A88C7DD1-8C59-4F55-A4D7-483AE9606533}
		{4B073E1A-5DC2-465F-8A83-D547628D023B} = {A88C7DD1-8C59-4F55-A4D7-483AE9606533}
		{4586180D-4F4B-46B9-82E0-611646AC9299} = {A88C7DD1-8C59-4F55-A4D7-483AE9606533}
		{EB75250F-239E-4D73-83D2-E3153C16814E} = {A88C7DD1-8C59-4F55-A4D7-483AE9606533}
		{F34EDB8E-6024-4869-8899-056B08F1F630} = {A88C7DD1-8C59-4F55-A4D7-483AE9606533}
	EndGlobalSection
EndGlobal
